
Microsoft Visual Studio Solution File, Format Version 12.00
# Visual Studio Version 17
VisualStudioVersion = 17.7.34018.315
MinimumVisualStudioVersion = 10.0.40219.1
Project("{FAE04EC0-301F-11D3-BF4B-00C04F79EFBC}") = "Estudo-Git-Gitflow", "Estudo-Git-Gitflow\Estudo-Git-Gitflow.csproj", "{A90D75A7-687A-4527-A1C1-21E959CF9525}"
EndProject
Global
	GlobalSection(SolutionConfigurationPlatforms) = preSolution
		Debug|Any CPU = Debug|Any CPU
		Release|Any CPU = Release|Any CPU
	EndGlobalSection
	GlobalSection(ProjectConfigurationPlatforms) = postSolution
		{A90D75A7-687A-4527-A1C1-21E959CF9525}.Debug|Any CPU.ActiveCfg = Debug|Any CPU
		{A90D75A7-687A-4527-A1C1-21E959CF9525}.Debug|Any CPU.Build.0 = Debug|Any CPU
		{A90D75A7-687A-4527-A1C1-21E959CF9525}.Release|Any CPU.ActiveCfg = Release|Any CPU
		{A90D75A7-687A-4527-A1C1-21E959CF9525}.Release|Any CPU.Build.0 = Release|Any CPU
	EndGlobalSection
	GlobalSection(SolutionProperties) = preSolution
		HideSolutionNode = FALSE
	EndGlobalSection
	GlobalSection(ExtensibilityGlobals) = postSolution
		SolutionGuid = {D6A4C88B-5CE2-4B8E-BB4D-060F55D79D21}
	EndGlobalSection
EndGlobal
